// !$*UTF8*$!
{
	archiveVersion = 1;
	classes = {
	};
	objectVersion = 51;
	objects = {

/* Begin PBXBuildFile section */
		D8F6A5CD5C6AA57215784196 /* Pods_BCLog.framework in Frameworks */ = {isa = PBXBuildFile; fileRef = 7D47EC8EF3855F9A1BAD0623 /* Pods_BCLog.framework */; };
		FA0557C426C43AF3000D50F5 /* ErrorService.swift in Sources */ = {isa = PBXBuildFile; fileRef = FA0557C326C43AF3000D50F5 /* ErrorService.swift */; };
		FA0557C626C4413E000D50F5 /* DatabaseService.swift in Sources */ = {isa = PBXBuildFile; fileRef = FA0557C526C4413E000D50F5 /* DatabaseService.swift */; };
		FA2C0BC8248C995F00CF6853 /* SignUpViewController.swift in Sources */ = {isa = PBXBuildFile; fileRef = FA2C0BC7248C995F00CF6853 /* SignUpViewController.swift */; };
		FA2C0BCE248CD36700CF6853 /* SigninViewController.swift in Sources */ = {isa = PBXBuildFile; fileRef = FA2C0BCD248CD36700CF6853 /* SigninViewController.swift */; };
		FA2C0BD22493F40000CF6853 /* User.swift in Sources */ = {isa = PBXBuildFile; fileRef = FA2C0BD12493F40000CF6853 /* User.swift */; };
		FA3A259F247E18F100A68C2C /* GoogleService-Info.plist in Resources */ = {isa = PBXBuildFile; fileRef = FA3A259E247E18F100A68C2C /* GoogleService-Info.plist */; };
		FA4AB36026AE82D0006F416C /* ForgotPassViewController.swift in Sources */ = {isa = PBXBuildFile; fileRef = FA4AB35F26AE82D0006F416C /* ForgotPassViewController.swift */; };
		FA50BAF6247D9156003D7507 /* AppDelegate.swift in Sources */ = {isa = PBXBuildFile; fileRef = FA50BAF5247D9156003D7507 /* AppDelegate.swift */; };
		FA50BAF8247D9156003D7507 /* SceneDelegate.swift in Sources */ = {isa = PBXBuildFile; fileRef = FA50BAF7247D9156003D7507 /* SceneDelegate.swift */; };
		FA50BAFD247D9156003D7507 /* Main.storyboard in Resources */ = {isa = PBXBuildFile; fileRef = FA50BAFB247D9156003D7507 /* Main.storyboard */; };
		FA5B46AB265D9A26002F87B5 /* ToursCollectionViewCell.swift in Sources */ = {isa = PBXBuildFile; fileRef = FA5B46AA265D9A26002F87B5 /* ToursCollectionViewCell.swift */; };
		FA5B46AD2663674F002F87B5 /* SanBernardinoTours.swift in Sources */ = {isa = PBXBuildFile; fileRef = FA5B46AC2663674F002F87B5 /* SanBernardinoTours.swift */; };
		FA5B46B12667271B002F87B5 /* DetailMapViewController.swift in Sources */ = {isa = PBXBuildFile; fileRef = FA5B46B02667271B002F87B5 /* DetailMapViewController.swift */; };
		FA5B46B3266878C6002F87B5 /* TourService.swift in Sources */ = {isa = PBXBuildFile; fileRef = FA5B46B2266878C6002F87B5 /* TourService.swift */; };
		FA5B46B526687925002F87B5 /* SanGabrielsTours.swift in Sources */ = {isa = PBXBuildFile; fileRef = FA5B46B426687925002F87B5 /* SanGabrielsTours.swift */; };
		FA6BD6FE26AD28DB0046D263 /* Assets.xcassets in Resources */ = {isa = PBXBuildFile; fileRef = FA50BAFE247D915B003D7507 /* Assets.xcassets */; };
		FA6BD70026AD299B0046D263 /* LaunchScreen.storyboard in Resources */ = {isa = PBXBuildFile; fileRef = FA50BB00247D915B003D7507 /* LaunchScreen.storyboard */; };
		FA6BF0E52651FDE300AD3EF1 /* MapViewController.swift in Sources */ = {isa = PBXBuildFile; fileRef = FA6BF0E42651FDE300AD3EF1 /* MapViewController.swift */; };
		FA6BF0E72651FFA500AD3EF1 /* HomeViewController.swift in Sources */ = {isa = PBXBuildFile; fileRef = FA6BF0E62651FFA500AD3EF1 /* HomeViewController.swift */; };
		FA6BF0E9265200A400AD3EF1 /* FavoritesViewController.swift in Sources */ = {isa = PBXBuildFile; fileRef = FA6BF0E8265200A400AD3EF1 /* FavoritesViewController.swift */; };
		FA6BF0EF2652E51100AD3EF1 /* Tour.swift in Sources */ = {isa = PBXBuildFile; fileRef = FA6BF0EE2652E51100AD3EF1 /* Tour.swift */; };
		FA6BF0F1265390D900AD3EF1 /* DetailTourViewController.swift in Sources */ = {isa = PBXBuildFile; fileRef = FA6BF0F0265390D900AD3EF1 /* DetailTourViewController.swift */; };
		FA85129C26916EBA0072E335 /* SanJacintoTours.swift in Sources */ = {isa = PBXBuildFile; fileRef = FA85129B26916EBA0072E335 /* SanJacintoTours.swift */; };
		FA8512A026A73C1A0072E335 /* ResourcesViewController.swift in Sources */ = {isa = PBXBuildFile; fileRef = FA85129F26A73C1A0072E335 /* ResourcesViewController.swift */; };
		FAA9007526E5B14400088888 /* OnboardingPageViewController.swift in Sources */ = {isa = PBXBuildFile; fileRef = FAA9007426E5B14400088888 /* OnboardingPageViewController.swift */; };
		FAA9007726E5D0C600088888 /* PreOnboardingViewController.swift in Sources */ = {isa = PBXBuildFile; fileRef = FAA9007626E5D0C600088888 /* PreOnboardingViewController.swift */; };
		FAA9007926E6879B00088888 /* EntryViewController.swift in Sources */ = {isa = PBXBuildFile; fileRef = FAA9007826E6879B00088888 /* EntryViewController.swift */; };
		FAC0B72A2758A7770025BE06 /* NewsViewController.swift in Sources */ = {isa = PBXBuildFile; fileRef = FAC0B7292758A7770025BE06 /* NewsViewController.swift */; };
		FAC0B72C2758A9A00025BE06 /* NewsTableViewCell.swift in Sources */ = {isa = PBXBuildFile; fileRef = FAC0B72B2758A9A00025BE06 /* NewsTableViewCell.swift */; };
		FAC0B730275925540025BE06 /* ResortsCollectionViewCell.swift in Sources */ = {isa = PBXBuildFile; fileRef = FAC0B72F275925540025BE06 /* ResortsCollectionViewCell.swift */; };
		FAFE5231266EB25400A99D36 /* FavoritesTableViewCell.swift in Sources */ = {isa = PBXBuildFile; fileRef = FAFE5230266EB25400A99D36 /* FavoritesTableViewCell.swift */; };
/* End PBXBuildFile section */

/* Begin PBXFileReference section */
		3E6EA046542FCBFB004B01ED /* Pods-BCLog.release.xcconfig */ = {isa = PBXFileReference; includeInIndex = 1; lastKnownFileType = text.xcconfig; name = "Pods-BCLog.release.xcconfig"; path = "Target Support Files/Pods-BCLog/Pods-BCLog.release.xcconfig"; sourceTree = "<group>"; };
		7D47EC8EF3855F9A1BAD0623 /* Pods_BCLog.framework */ = {isa = PBXFileReference; explicitFileType = wrapper.framework; includeInIndex = 0; path = Pods_BCLog.framework; sourceTree = BUILT_PRODUCTS_DIR; };
		F54F7EAACD13A70D5AB48BEE /* Pods-BCLog.debug.xcconfig */ = {isa = PBXFileReference; includeInIndex = 1; lastKnownFileType = text.xcconfig; name = "Pods-BCLog.debug.xcconfig"; path = "Target Support Files/Pods-BCLog/Pods-BCLog.debug.xcconfig"; sourceTree = "<group>"; };
		FA0557C326C43AF3000D50F5 /* ErrorService.swift */ = {isa = PBXFileReference; lastKnownFileType = sourcecode.swift; path = ErrorService.swift; sourceTree = "<group>"; };
		FA0557C526C4413E000D50F5 /* DatabaseService.swift */ = {isa = PBXFileReference; lastKnownFileType = sourcecode.swift; path = DatabaseService.swift; sourceTree = "<group>"; };
		FA2C0BC7248C995F00CF6853 /* SignUpViewController.swift */ = {isa = PBXFileReference; lastKnownFileType = sourcecode.swift; path = SignUpViewController.swift; sourceTree = "<group>"; };
		FA2C0BCD248CD36700CF6853 /* SigninViewController.swift */ = {isa = PBXFileReference; lastKnownFileType = sourcecode.swift; path = SigninViewController.swift; sourceTree = "<group>"; };
		FA2C0BD12493F40000CF6853 /* User.swift */ = {isa = PBXFileReference; fileEncoding = 4; lastKnownFileType = sourcecode.swift; path = User.swift; sourceTree = "<group>"; };
		FA3A259E247E18F100A68C2C /* GoogleService-Info.plist */ = {isa = PBXFileReference; fileEncoding = 4; lastKnownFileType = text.plist.xml; name = "GoogleService-Info.plist"; path = "../../../Downloads/GoogleService-Info.plist"; sourceTree = "<group>"; };
		FA4AB35F26AE82D0006F416C /* ForgotPassViewController.swift */ = {isa = PBXFileReference; lastKnownFileType = sourcecode.swift; path = ForgotPassViewController.swift; sourceTree = "<group>"; };
		FA50BAF2247D9156003D7507 /* SoCal Ski Tours.app */ = {isa = PBXFileReference; explicitFileType = wrapper.application; includeInIndex = 0; path = "SoCal Ski Tours.app"; sourceTree = BUILT_PRODUCTS_DIR; };
		FA50BAF5247D9156003D7507 /* AppDelegate.swift */ = {isa = PBXFileReference; lastKnownFileType = sourcecode.swift; path = AppDelegate.swift; sourceTree = "<group>"; };
		FA50BAF7247D9156003D7507 /* SceneDelegate.swift */ = {isa = PBXFileReference; lastKnownFileType = sourcecode.swift; path = SceneDelegate.swift; sourceTree = "<group>"; };
		FA50BAFC247D9156003D7507 /* Base */ = {isa = PBXFileReference; lastKnownFileType = file.storyboard; name = Base; path = Base.lproj/Main.storyboard; sourceTree = "<group>"; };
		FA50BAFE247D915B003D7507 /* Assets.xcassets */ = {isa = PBXFileReference; lastKnownFileType = folder.assetcatalog; path = Assets.xcassets; sourceTree = "<group>"; };
		FA50BB01247D915B003D7507 /* Base */ = {isa = PBXFileReference; lastKnownFileType = file.storyboard; name = Base; path = Base.lproj/LaunchScreen.storyboard; sourceTree = "<group>"; };
		FA50BB03247D915B003D7507 /* Info.plist */ = {isa = PBXFileReference; lastKnownFileType = text.plist.xml; path = Info.plist; sourceTree = "<group>"; };
		FA5B46AA265D9A26002F87B5 /* ToursCollectionViewCell.swift */ = {isa = PBXFileReference; lastKnownFileType = sourcecode.swift; path = ToursCollectionViewCell.swift; sourceTree = "<group>"; };
		FA5B46AC2663674F002F87B5 /* SanBernardinoTours.swift */ = {isa = PBXFileReference; lastKnownFileType = sourcecode.swift; path = SanBernardinoTours.swift; sourceTree = "<group>"; };
		FA5B46B02667271B002F87B5 /* DetailMapViewController.swift */ = {isa = PBXFileReference; lastKnownFileType = sourcecode.swift; path = DetailMapViewController.swift; sourceTree = "<group>"; };
		FA5B46B2266878C6002F87B5 /* TourService.swift */ = {isa = PBXFileReference; lastKnownFileType = sourcecode.swift; path = TourService.swift; sourceTree = "<group>"; };
		FA5B46B426687925002F87B5 /* SanGabrielsTours.swift */ = {isa = PBXFileReference; lastKnownFileType = sourcecode.swift; path = SanGabrielsTours.swift; sourceTree = "<group>"; };
		FA6BF0E42651FDE300AD3EF1 /* MapViewController.swift */ = {isa = PBXFileReference; lastKnownFileType = sourcecode.swift; path = MapViewController.swift; sourceTree = "<group>"; };
		FA6BF0E62651FFA500AD3EF1 /* HomeViewController.swift */ = {isa = PBXFileReference; lastKnownFileType = sourcecode.swift; path = HomeViewController.swift; sourceTree = "<group>"; };
		FA6BF0E8265200A400AD3EF1 /* FavoritesViewController.swift */ = {isa = PBXFileReference; lastKnownFileType = sourcecode.swift; path = FavoritesViewController.swift; sourceTree = "<group>"; };
		FA6BF0EE2652E51100AD3EF1 /* Tour.swift */ = {isa = PBXFileReference; lastKnownFileType = sourcecode.swift; path = Tour.swift; sourceTree = "<group>"; };
		FA6BF0F0265390D900AD3EF1 /* DetailTourViewController.swift */ = {isa = PBXFileReference; lastKnownFileType = sourcecode.swift; path = DetailTourViewController.swift; sourceTree = "<group>"; };
		FA85129B26916EBA0072E335 /* SanJacintoTours.swift */ = {isa = PBXFileReference; lastKnownFileType = sourcecode.swift; path = SanJacintoTours.swift; sourceTree = "<group>"; };
		FA85129F26A73C1A0072E335 /* ResourcesViewController.swift */ = {isa = PBXFileReference; lastKnownFileType = sourcecode.swift; path = ResourcesViewController.swift; sourceTree = "<group>"; };
		FAA9007426E5B14400088888 /* OnboardingPageViewController.swift */ = {isa = PBXFileReference; lastKnownFileType = sourcecode.swift; path = OnboardingPageViewController.swift; sourceTree = "<group>"; };
		FAA9007626E5D0C600088888 /* PreOnboardingViewController.swift */ = {isa = PBXFileReference; lastKnownFileType = sourcecode.swift; path = PreOnboardingViewController.swift; sourceTree = "<group>"; };
		FAA9007826E6879B00088888 /* EntryViewController.swift */ = {isa = PBXFileReference; lastKnownFileType = sourcecode.swift; path = EntryViewController.swift; sourceTree = "<group>"; };
		FAC0B7292758A7770025BE06 /* NewsViewController.swift */ = {isa = PBXFileReference; lastKnownFileType = sourcecode.swift; path = NewsViewController.swift; sourceTree = "<group>"; };
		FAC0B72B2758A9A00025BE06 /* NewsTableViewCell.swift */ = {isa = PBXFileReference; lastKnownFileType = sourcecode.swift; path = NewsTableViewCell.swift; sourceTree = "<group>"; };
		FAC0B72F275925540025BE06 /* ResortsCollectionViewCell.swift */ = {isa = PBXFileReference; lastKnownFileType = sourcecode.swift; path = ResortsCollectionViewCell.swift; sourceTree = "<group>"; };
		FAFE5230266EB25400A99D36 /* FavoritesTableViewCell.swift */ = {isa = PBXFileReference; lastKnownFileType = sourcecode.swift; path = FavoritesTableViewCell.swift; sourceTree = "<group>"; };
/* End PBXFileReference section */

/* Begin PBXFrameworksBuildPhase section */
		FA50BAEF247D9156003D7507 /* Frameworks */ = {
			isa = PBXFrameworksBuildPhase;
			buildActionMask = 2147483647;
			files = (
				D8F6A5CD5C6AA57215784196 /* Pods_BCLog.framework in Frameworks */,
			);
			runOnlyForDeploymentPostprocessing = 0;
		};
/* End PBXFrameworksBuildPhase section */

/* Begin PBXGroup section */
		9CB651FAFF23B25DB9BA1018 /* Pods */ = {
			isa = PBXGroup;
			children = (
				F54F7EAACD13A70D5AB48BEE /* Pods-BCLog.debug.xcconfig */,
				3E6EA046542FCBFB004B01ED /* Pods-BCLog.release.xcconfig */,
			);
			path = Pods;
			sourceTree = "<group>";
		};
		F53C146324E15D356A3B2E3C /* Frameworks */ = {
			isa = PBXGroup;
			children = (
				7D47EC8EF3855F9A1BAD0623 /* Pods_BCLog.framework */,
			);
			name = Frameworks;
			sourceTree = "<group>";
		};
		FA50BAE9247D9156003D7507 = {
			isa = PBXGroup;
			children = (
				FA50BAF4247D9156003D7507 /* BCLog */,
				FA50BAF3247D9156003D7507 /* Products */,
				9CB651FAFF23B25DB9BA1018 /* Pods */,
				F53C146324E15D356A3B2E3C /* Frameworks */,
			);
			sourceTree = "<group>";
		};
		FA50BAF3247D9156003D7507 /* Products */ = {
			isa = PBXGroup;
			children = (
				FA50BAF2247D9156003D7507 /* SoCal Ski Tours.app */,
			);
			name = Products;
			sourceTree = "<group>";
		};
		FA50BAF4247D9156003D7507 /* BCLog */ = {
			isa = PBXGroup;
			children = (
				FA50BAF5247D9156003D7507 /* AppDelegate.swift */,
				FA50BAF7247D9156003D7507 /* SceneDelegate.swift */,
				FA3A259E247E18F100A68C2C /* GoogleService-Info.plist */,
				FA50BB03247D915B003D7507 /* Info.plist */,
				FA50BB00247D915B003D7507 /* LaunchScreen.storyboard */,
				FA50BAFE247D915B003D7507 /* Assets.xcassets */,
				FA50BAFB247D9156003D7507 /* Main.storyboard */,
				FA8512A426A90F5E0072E335 /* Cells */,
				FA8512A126A90E620072E335 /* Models */,
				FA8512A226A90EC60072E335 /* Services */,
				FA8512A326A90F3B0072E335 /* View Controllers */,
			);
			path = BCLog;
			sourceTree = "<group>";
		};
		FA8512A126A90E620072E335 /* Models */ = {
			isa = PBXGroup;
			children = (
				FA5B46AC2663674F002F87B5 /* SanBernardinoTours.swift */,
				FA85129B26916EBA0072E335 /* SanJacintoTours.swift */,
				FA5B46B426687925002F87B5 /* SanGabrielsTours.swift */,
				FA6BF0EE2652E51100AD3EF1 /* Tour.swift */,
				FA2C0BD12493F40000CF6853 /* User.swift */,
			);
			path = Models;
			sourceTree = "<group>";
		};
		FA8512A226A90EC60072E335 /* Services */ = {
			isa = PBXGroup;
			children = (
				FA5B46B2266878C6002F87B5 /* TourService.swift */,
				FA0557C326C43AF3000D50F5 /* ErrorService.swift */,
				FA0557C526C4413E000D50F5 /* DatabaseService.swift */,
			);
			path = Services;
			sourceTree = "<group>";
		};
		FA8512A326A90F3B0072E335 /* View Controllers */ = {
			isa = PBXGroup;
			children = (
				FA2C0BC7248C995F00CF6853 /* SignUpViewController.swift */,
				FA2C0BCD248CD36700CF6853 /* SigninViewController.swift */,
				FA4AB35F26AE82D0006F416C /* ForgotPassViewController.swift */,
				FA6BF0E62651FFA500AD3EF1 /* HomeViewController.swift */,
				FA6BF0E42651FDE300AD3EF1 /* MapViewController.swift */,
				FAC0B7292758A7770025BE06 /* NewsViewController.swift */,
				FA6BF0E8265200A400AD3EF1 /* FavoritesViewController.swift */,
				FA6BF0F0265390D900AD3EF1 /* DetailTourViewController.swift */,
				FA5B46B02667271B002F87B5 /* DetailMapViewController.swift */,
				FA85129F26A73C1A0072E335 /* ResourcesViewController.swift */,
				FAA9007426E5B14400088888 /* OnboardingPageViewController.swift */,
				FAA9007626E5D0C600088888 /* PreOnboardingViewController.swift */,
				FAA9007826E6879B00088888 /* EntryViewController.swift */,
			);
			path = "View Controllers";
			sourceTree = "<group>";
		};
		FA8512A426A90F5E0072E335 /* Cells */ = {
			isa = PBXGroup;
			children = (
				FAFE5230266EB25400A99D36 /* FavoritesTableViewCell.swift */,
				FA5B46AA265D9A26002F87B5 /* ToursCollectionViewCell.swift */,
				FAC0B72B2758A9A00025BE06 /* NewsTableViewCell.swift */,
				FAC0B72F275925540025BE06 /* ResortsCollectionViewCell.swift */,
			);
			path = Cells;
			sourceTree = "<group>";
		};
/* End PBXGroup section */

/* Begin PBXNativeTarget section */
		FA50BAF1247D9156003D7507 /* BCLog */ = {
			isa = PBXNativeTarget;
			buildConfigurationList = FA50BB06247D915B003D7507 /* Build configuration list for PBXNativeTarget "BCLog" */;
			buildPhases = (
				00DD4ECA1A966EDDC91D9ACA /* [CP] Check Pods Manifest.lock */,
				FA50BAEE247D9156003D7507 /* Sources */,
				FA50BAEF247D9156003D7507 /* Frameworks */,
				FA50BAF0247D9156003D7507 /* Resources */,
				AA900DBFF255708B05EBE43B /* [CP] Embed Pods Frameworks */,
				53B14EDB4ED4348AFDB14404 /* [CP] Copy Pods Resources */,
			);
			buildRules = (
			);
			dependencies = (
			);
			name = BCLog;
			productName = BCLog;
			productReference = FA50BAF2247D9156003D7507 /* SoCal Ski Tours.app */;
			productType = "com.apple.product-type.application";
		};
/* End PBXNativeTarget section */

/* Begin PBXProject section */
		FA50BAEA247D9156003D7507 /* Project object */ = {
			isa = PBXProject;
			attributes = {
				LastSwiftUpdateCheck = 1150;
				LastUpgradeCheck = 1150;
				ORGANIZATIONNAME = "Jason Panella";
				TargetAttributes = {
					FA50BAF1247D9156003D7507 = {
						CreatedOnToolsVersion = 11.5;
					};
				};
			};
			buildConfigurationList = FA50BAED247D9156003D7507 /* Build configuration list for PBXProject "BCLog" */;
			compatibilityVersion = "Xcode 9.3";
			developmentRegion = en;
			hasScannedForEncodings = 0;
			knownRegions = (
				en,
				Base,
			);
			mainGroup = FA50BAE9247D9156003D7507;
			productRefGroup = FA50BAF3247D9156003D7507 /* Products */;
			projectDirPath = "";
			projectRoot = "";
			targets = (
				FA50BAF1247D9156003D7507 /* BCLog */,
			);
		};
/* End PBXProject section */

/* Begin PBXResourcesBuildPhase section */
		FA50BAF0247D9156003D7507 /* Resources */ = {
			isa = PBXResourcesBuildPhase;
			buildActionMask = 2147483647;
			files = (
				FA3A259F247E18F100A68C2C /* GoogleService-Info.plist in Resources */,
				FA6BD70026AD299B0046D263 /* LaunchScreen.storyboard in Resources */,
				FA6BD6FE26AD28DB0046D263 /* Assets.xcassets in Resources */,
				FA50BAFD247D9156003D7507 /* Main.storyboard in Resources */,
			);
			runOnlyForDeploymentPostprocessing = 0;
		};
/* End PBXResourcesBuildPhase section */

/* Begin PBXShellScriptBuildPhase section */
		00DD4ECA1A966EDDC91D9ACA /* [CP] Check Pods Manifest.lock */ = {
			isa = PBXShellScriptBuildPhase;
			buildActionMask = 2147483647;
			files = (
			);
			inputFileListPaths = (
			);
			inputPaths = (
				"${PODS_PODFILE_DIR_PATH}/Podfile.lock",
				"${PODS_ROOT}/Manifest.lock",
			);
			name = "[CP] Check Pods Manifest.lock";
			outputFileListPaths = (
			);
			outputPaths = (
				"$(DERIVED_FILE_DIR)/Pods-BCLog-checkManifestLockResult.txt",
			);
			runOnlyForDeploymentPostprocessing = 0;
			shellPath = /bin/sh;
			shellScript = "diff \"${PODS_PODFILE_DIR_PATH}/Podfile.lock\" \"${PODS_ROOT}/Manifest.lock\" > /dev/null\nif [ $? != 0 ] ; then\n    # print error to STDERR\n    echo \"error: The sandbox is not in sync with the Podfile.lock. Run 'pod install' or update your CocoaPods installation.\" >&2\n    exit 1\nfi\n# This output is used by Xcode 'outputs' to avoid re-running this script phase.\necho \"SUCCESS\" > \"${SCRIPT_OUTPUT_FILE_0}\"\n";
			showEnvVarsInLog = 0;
		};
		53B14EDB4ED4348AFDB14404 /* [CP] Copy Pods Resources */ = {
			isa = PBXShellScriptBuildPhase;
			buildActionMask = 2147483647;
			files = (
			);
			inputFileListPaths = (
				"${PODS_ROOT}/Target Support Files/Pods-BCLog/Pods-BCLog-resources-${CONFIGURATION}-input-files.xcfilelist",
			);
			name = "[CP] Copy Pods Resources";
			outputFileListPaths = (
				"${PODS_ROOT}/Target Support Files/Pods-BCLog/Pods-BCLog-resources-${CONFIGURATION}-output-files.xcfilelist",
			);
			runOnlyForDeploymentPostprocessing = 0;
			shellPath = /bin/sh;
			shellScript = "\"${PODS_ROOT}/Target Support Files/Pods-BCLog/Pods-BCLog-resources.sh\"\n";
			showEnvVarsInLog = 0;
		};
		AA900DBFF255708B05EBE43B /* [CP] Embed Pods Frameworks */ = {
			isa = PBXShellScriptBuildPhase;
			buildActionMask = 2147483647;
			files = (
			);
			inputFileListPaths = (
				"${PODS_ROOT}/Target Support Files/Pods-BCLog/Pods-BCLog-frameworks-${CONFIGURATION}-input-files.xcfilelist",
			);
			name = "[CP] Embed Pods Frameworks";
			outputFileListPaths = (
				"${PODS_ROOT}/Target Support Files/Pods-BCLog/Pods-BCLog-frameworks-${CONFIGURATION}-output-files.xcfilelist",
			);
			runOnlyForDeploymentPostprocessing = 0;
			shellPath = /bin/sh;
			shellScript = "\"${PODS_ROOT}/Target Support Files/Pods-BCLog/Pods-BCLog-frameworks.sh\"\n";
			showEnvVarsInLog = 0;
		};
/* End PBXShellScriptBuildPhase section */

/* Begin PBXSourcesBuildPhase section */
		FA50BAEE247D9156003D7507 /* Sources */ = {
			isa = PBXSourcesBuildPhase;
			buildActionMask = 2147483647;
			files = (
				FA4AB36026AE82D0006F416C /* ForgotPassViewController.swift in Sources */,
				FA6BF0E72651FFA500AD3EF1 /* HomeViewController.swift in Sources */,
				FA2C0BC8248C995F00CF6853 /* SignUpViewController.swift in Sources */,
				FAC0B72A2758A7770025BE06 /* NewsViewController.swift in Sources */,
				FAC0B72C2758A9A00025BE06 /* NewsTableViewCell.swift in Sources */,
				FA8512A026A73C1A0072E335 /* ResourcesViewController.swift in Sources */,
				FA6BF0F1265390D900AD3EF1 /* DetailTourViewController.swift in Sources */,
				FAA9007926E6879B00088888 /* EntryViewController.swift in Sources */,
				FA85129C26916EBA0072E335 /* SanJacintoTours.swift in Sources */,
				FAFE5231266EB25400A99D36 /* FavoritesTableViewCell.swift in Sources */,
				FA50BAF6247D9156003D7507 /* AppDelegate.swift in Sources */,
				FA6BF0EF2652E51100AD3EF1 /* Tour.swift in Sources */,
				FAA9007526E5B14400088888 /* OnboardingPageViewController.swift in Sources */,
				FA0557C626C4413E000D50F5 /* DatabaseService.swift in Sources */,
				FA6BF0E9265200A400AD3EF1 /* FavoritesViewController.swift in Sources */,
				FAA9007726E5D0C600088888 /* PreOnboardingViewController.swift in Sources */,
				FA5B46B12667271B002F87B5 /* DetailMapViewController.swift in Sources */,
				FA5B46B526687925002F87B5 /* SanGabrielsTours.swift in Sources */,
				FA50BAF8247D9156003D7507 /* SceneDelegate.swift in Sources */,
				FA5B46AB265D9A26002F87B5 /* ToursCollectionViewCell.swift in Sources */,
				FA5B46AD2663674F002F87B5 /* SanBernardinoTours.swift in Sources */,
				FA2C0BCE248CD36700CF6853 /* SigninViewController.swift in Sources */,
				FA6BF0E52651FDE300AD3EF1 /* MapViewController.swift in Sources */,
				FAC0B730275925540025BE06 /* ResortsCollectionViewCell.swift in Sources */,
				FA5B46B3266878C6002F87B5 /* TourService.swift in Sources */,
				FA2C0BD22493F40000CF6853 /* User.swift in Sources */,
				FA0557C426C43AF3000D50F5 /* ErrorService.swift in Sources */,
			);
			runOnlyForDeploymentPostprocessing = 0;
		};
/* End PBXSourcesBuildPhase section */

/* Begin PBXVariantGroup section */
		FA50BAFB247D9156003D7507 /* Main.storyboard */ = {
			isa = PBXVariantGroup;
			children = (
				FA50BAFC247D9156003D7507 /* Base */,
			);
			name = Main.storyboard;
			sourceTree = "<group>";
		};
		FA50BB00247D915B003D7507 /* LaunchScreen.storyboard */ = {
			isa = PBXVariantGroup;
			children = (
				FA50BB01247D915B003D7507 /* Base */,
			);
			name = LaunchScreen.storyboard;
			sourceTree = "<group>";
		};
/* End PBXVariantGroup section */

/* Begin XCBuildConfiguration section */
		FA50BB04247D915B003D7507 /* Debug */ = {
			isa = XCBuildConfiguration;
			buildSettings = {
				ALWAYS_SEARCH_USER_PATHS = NO;
				CLANG_ANALYZER_NONNULL = YES;
				CLANG_ANALYZER_NUMBER_OBJECT_CONVERSION = YES_AGGRESSIVE;
				CLANG_CXX_LANGUAGE_STANDARD = "gnu++14";
				CLANG_CXX_LIBRARY = "libc++";
				CLANG_ENABLE_MODULES = YES;
				CLANG_ENABLE_OBJC_ARC = YES;
				CLANG_ENABLE_OBJC_WEAK = YES;
				CLANG_WARN_BLOCK_CAPTURE_AUTORELEASING = YES;
				CLANG_WARN_BOOL_CONVERSION = YES;
				CLANG_WARN_COMMA = YES;
				CLANG_WARN_CONSTANT_CONVERSION = YES;
				CLANG_WARN_DEPRECATED_OBJC_IMPLEMENTATIONS = YES;
				CLANG_WARN_DIRECT_OBJC_ISA_USAGE = YES_ERROR;
				CLANG_WARN_DOCUMENTATION_COMMENTS = YES;
				CLANG_WARN_EMPTY_BODY = YES;
				CLANG_WARN_ENUM_CONVERSION = YES;
				CLANG_WARN_INFINITE_RECURSION = YES;
				CLANG_WARN_INT_CONVERSION = YES;
				CLANG_WARN_NON_LITERAL_NULL_CONVERSION = YES;
				CLANG_WARN_OBJC_IMPLICIT_RETAIN_SELF = YES;
				CLANG_WARN_OBJC_LITERAL_CONVERSION = YES;
				CLANG_WARN_OBJC_ROOT_CLASS = YES_ERROR;
				CLANG_WARN_RANGE_LOOP_ANALYSIS = YES;
				CLANG_WARN_STRICT_PROTOTYPES = YES;
				CLANG_WARN_SUSPICIOUS_MOVE = YES;
				CLANG_WARN_UNGUARDED_AVAILABILITY = YES_AGGRESSIVE;
				CLANG_WARN_UNREACHABLE_CODE = YES;
				CLANG_WARN__DUPLICATE_METHOD_MATCH = YES;
				COPY_PHASE_STRIP = NO;
				DEBUG_INFORMATION_FORMAT = dwarf;
				ENABLE_STRICT_OBJC_MSGSEND = YES;
				ENABLE_TESTABILITY = YES;
				GCC_C_LANGUAGE_STANDARD = gnu11;
				GCC_DYNAMIC_NO_PIC = NO;
				GCC_NO_COMMON_BLOCKS = YES;
				GCC_OPTIMIZATION_LEVEL = 0;
				GCC_PREPROCESSOR_DEFINITIONS = (
					"DEBUG=1",
					"$(inherited)",
				);
				GCC_WARN_64_TO_32_BIT_CONVERSION = YES;
				GCC_WARN_ABOUT_RETURN_TYPE = YES_ERROR;
				GCC_WARN_UNDECLARED_SELECTOR = YES;
				GCC_WARN_UNINITIALIZED_AUTOS = YES_AGGRESSIVE;
				GCC_WARN_UNUSED_FUNCTION = YES;
				GCC_WARN_UNUSED_VARIABLE = YES;
				IPHONEOS_DEPLOYMENT_TARGET = 13.5;
				MTL_ENABLE_DEBUG_INFO = INCLUDE_SOURCE;
				MTL_FAST_MATH = YES;
				ONLY_ACTIVE_ARCH = YES;
				SDKROOT = iphoneos;
				SWIFT_ACTIVE_COMPILATION_CONDITIONS = DEBUG;
				SWIFT_OPTIMIZATION_LEVEL = "-Onone";
			};
			name = Debug;
		};
		FA50BB05247D915B003D7507 /* Release */ = {
			isa = XCBuildConfiguration;
			buildSettings = {
				ALWAYS_SEARCH_USER_PATHS = NO;
				CLANG_ANALYZER_NONNULL = YES;
				CLANG_ANALYZER_NUMBER_OBJECT_CONVERSION = YES_AGGRESSIVE;
				CLANG_CXX_LANGUAGE_STANDARD = "gnu++14";
				CLANG_CXX_LIBRARY = "libc++";
				CLANG_ENABLE_MODULES = YES;
				CLANG_ENABLE_OBJC_ARC = YES;
				CLANG_ENABLE_OBJC_WEAK = YES;
				CLANG_WARN_BLOCK_CAPTURE_AUTORELEASING = YES;
				CLANG_WARN_BOOL_CONVERSION = YES;
				CLANG_WARN_COMMA = YES;
				CLANG_WARN_CONSTANT_CONVERSION = YES;
				CLANG_WARN_DEPRECATED_OBJC_IMPLEMENTATIONS = YES;
				CLANG_WARN_DIRECT_OBJC_ISA_USAGE = YES_ERROR;
				CLANG_WARN_DOCUMENTATION_COMMENTS = YES;
				CLANG_WARN_EMPTY_BODY = YES;
				CLANG_WARN_ENUM_CONVERSION = YES;
				CLANG_WARN_INFINITE_RECURSION = YES;
				CLANG_WARN_INT_CONVERSION = YES;
				CLANG_WARN_NON_LITERAL_NULL_CONVERSION = YES;
				CLANG_WARN_OBJC_IMPLICIT_RETAIN_SELF = YES;
				CLANG_WARN_OBJC_LITERAL_CONVERSION = YES;
				CLANG_WARN_OBJC_ROOT_CLASS = YES_ERROR;
				CLANG_WARN_RANGE_LOOP_ANALYSIS = YES;
				CLANG_WARN_STRICT_PROTOTYPES = YES;
				CLANG_WARN_SUSPICIOUS_MOVE = YES;
				CLANG_WARN_UNGUARDED_AVAILABILITY = YES_AGGRESSIVE;
				CLANG_WARN_UNREACHABLE_CODE = YES;
				CLANG_WARN__DUPLICATE_METHOD_MATCH = YES;
				COPY_PHASE_STRIP = NO;
				DEBUG_INFORMATION_FORMAT = "dwarf-with-dsym";
				ENABLE_NS_ASSERTIONS = NO;
				ENABLE_STRICT_OBJC_MSGSEND = YES;
				GCC_C_LANGUAGE_STANDARD = gnu11;
				GCC_NO_COMMON_BLOCKS = YES;
				GCC_WARN_64_TO_32_BIT_CONVERSION = YES;
				GCC_WARN_ABOUT_RETURN_TYPE = YES_ERROR;
				GCC_WARN_UNDECLARED_SELECTOR = YES;
				GCC_WARN_UNINITIALIZED_AUTOS = YES_AGGRESSIVE;
				GCC_WARN_UNUSED_FUNCTION = YES;
				GCC_WARN_UNUSED_VARIABLE = YES;
				"INFOPLIST_FILE[sdk=*]" = "BCLog/BCLog-info.plist";
				IPHONEOS_DEPLOYMENT_TARGET = 13.5;
				MTL_ENABLE_DEBUG_INFO = NO;
				MTL_FAST_MATH = YES;
				ONLY_ACTIVE_ARCH = NO;
				SDKROOT = iphoneos;
				SWIFT_COMPILATION_MODE = wholemodule;
				SWIFT_OPTIMIZATION_LEVEL = "-O";
				VALIDATE_PRODUCT = YES;
			};
			name = Release;
		};
		FA50BB07247D915B003D7507 /* Debug */ = {
			isa = XCBuildConfiguration;
			baseConfigurationReference = F54F7EAACD13A70D5AB48BEE /* Pods-BCLog.debug.xcconfig */;
			buildSettings = {
				ASSETCATALOG_COMPILER_APPICON_NAME = AppIcon;
				CODE_SIGN_IDENTITY = "Apple Development";
				CODE_SIGN_STYLE = Automatic;
				DEVELOPMENT_TEAM = 55A645456R;
				INFOPLIST_FILE = BCLog/Info.plist;
				LD_RUNPATH_SEARCH_PATHS = (
					"$(inherited)",
					"@executable_path/Frameworks",
				);
				MARKETING_VERSION = 1.02;
				PRODUCT_BUNDLE_IDENTIFIER = com.jp.BackcountryLog;
				PRODUCT_NAME = "SoCal Ski Tours";
				PROVISIONING_PROFILE_SPECIFIER = "";
				SWIFT_VERSION = 5.0;
				TARGETED_DEVICE_FAMILY = 1;
			};
			name = Debug;
		};
		FA50BB08247D915B003D7507 /* Release */ = {
			isa = XCBuildConfiguration;
			baseConfigurationReference = 3E6EA046542FCBFB004B01ED /* Pods-BCLog.release.xcconfig */;
			buildSettings = {
				ASSETCATALOG_COMPILER_APPICON_NAME = AppIcon;
				CODE_SIGN_IDENTITY = "Apple Development";
				CODE_SIGN_STYLE = Automatic;
				DEVELOPMENT_TEAM = 55A645456R;
				INFOPLIST_FILE = BCLog/Info.plist;
				LD_RUNPATH_SEARCH_PATHS = (
					"$(inherited)",
					"@executable_path/Frameworks",
				);
				MARKETING_VERSION = 1.02;
				PRODUCT_BUNDLE_IDENTIFIER = com.jp.BackcountryLog;
				PRODUCT_NAME = "SoCal Ski Tours";
				PROVISIONING_PROFILE_SPECIFIER = "";
				SWIFT_VERSION = 5.0;
				TARGETED_DEVICE_FAMILY = 1;
			};
			name = Release;
		};
/* End XCBuildConfiguration section */

/* Begin XCConfigurationList section */
		FA50BAED247D9156003D7507 /* Build configuration list for PBXProject "BCLog" */ = {
			isa = XCConfigurationList;
			buildConfigurations = (
				FA50BB04247D915B003D7507 /* Debug */,
				FA50BB05247D915B003D7507 /* Release */,
			);
			defaultConfigurationIsVisible = 0;
			defaultConfigurationName = Release;
		};
		FA50BB06247D915B003D7507 /* Build configuration list for PBXNativeTarget "BCLog" */ = {
			isa = XCConfigurationList;
			buildConfigurations = (
				FA50BB07247D915B003D7507 /* Debug */,
				FA50BB08247D915B003D7507 /* Release */,
			);
			defaultConfigurationIsVisible = 0;
			defaultConfigurationName = Release;
		};
/* End XCConfigurationList section */
	};
	rootObject = FA50BAEA247D9156003D7507 /* Project object */;
}
